schema: '2.0'
stages:
  data_ingestion:
    cmd: python src/data/data_ingestion.py
    deps:
    - path: src/data/data_ingestion.py
      hash: md5
      md5: 8726520bc90674baee563cc81f61e3a3
      size: 3751
    params:
      params.yaml:
        data_ingestion.test_size: 0.2
    outs:
    - path: data/raw
      hash: md5
      md5: dd65fdaa30d1058fe5b40e48683ac3cd.dir
      size: 1223219
      nfiles: 2
  data_preprocessing:
    cmd: python src/data/data_preprocessing.py
    deps:
    - path: data/raw/test.csv
      hash: md5
      md5: 498b8f931d8e9f911e000fb2f0ecd70d
      size: 243838
    - path: data/raw/train.csv
      hash: md5
      md5: 9608e3180c891018bb63faf437691725
      size: 979381
    - path: src/data/data_preprocessing.py
      hash: md5
      md5: 256d8b4e3d1c3e494d981fc7b91703c5
      size: 3921
    outs:
    - path: data/interim
      hash: md5
      md5: 82e3816c02d74175783ab13d8e5d0f6a.dir
      size: 1223319
      nfiles: 2
  feature_engineering:
    cmd: python src/features/feature_engineering.py
    deps:
    - path: data/interim/test_processed.csv
      hash: md5
      md5: b6d22232a83c7f6082c2e69c9f563abe
      size: 243989
    - path: data/interim/train_processed.csv
      hash: md5
      md5: ecb8b1842ba87d13f9e60fc9ae36bb26
      size: 979330
    - path: src/features/feature_engineering.py
      hash: md5
      md5: 3202d00b2a4ad9f0b16aa31e6bc849d4
      size: 3335
    outs:
    - path: data/processed
      hash: md5
      md5: 16fed6d363f3e1ce2573e35e95c0c0fd.dir
      size: 1223319
      nfiles: 2
  model_training:
    cmd: python src/models/model.py
    deps:
    - path: data/processed/train_engineered.csv
      hash: md5
      md5: ecb8b1842ba87d13f9e60fc9ae36bb26
      size: 979330
    - path: src/models/model.py
      hash: md5
      md5: 221402034f11364add31a40049a50fde
      size: 4370
    params:
      params.yaml:
        model_training:
          param_distributions:
            n_estimators:
            - 100
            - 200
            - 300
            max_depth:
            - 3
            - 5
            - 7
            - 9
            learning_rate:
            - 0.01
            - 0.05
            - 0.1
            subsample:
            - 0.7
            - 0.8
            - 1.0
            colsample_bytree:
            - 0.7
            - 0.8
            - 1.0
            gamma:
            - 0
            - 0.1
            - 0.2
            reg_alpha:
            - 0
            - 0.01
            - 0.1
            reg_lambda:
            - 1
            - 1.5
            - 2
    outs:
    - path: models/model.pkl
      hash: md5
      md5: 17a0f830f4bbf9d01548b9a6886f386e
      size: 355372
  model_evaluation:
    cmd: python src/models/model_evaluation.py
    deps:
    - path: data/processed/test_engineered.csv
      hash: md5
      md5: b6d22232a83c7f6082c2e69c9f563abe
      size: 243989
    - path: models/model.pkl
      hash: md5
      md5: 17a0f830f4bbf9d01548b9a6886f386e
      size: 355372
    - path: src/models/model_evaluation.py
      hash: md5
      md5: a8eaee38fa347dbabad4b9f6a46c7d3c
      size: 3384
    outs:
    - path: reports
      hash: md5
      md5: b0397329ef41fcd3a732d8dc70382faa.dir
      size: 80
      nfiles: 1
